
Microsoft Visual Studio Solution File, Format Version 12.00
# Visual Studio 15
VisualStudioVersion = 15.0.28307.572
MinimumVisualStudioVersion = 10.0.40219.1
Project("{9A19103F-16F7-4668-BE54-9A1E7A4F7556}") = "loan_processing_durablefunction", "loan_processing_durablefunction\loan_processing_durablefunction.csproj", "{7C049028-AE94-4F2A-8D1A-2904D93046CA}"
EndProject
Global
	GlobalSection(SolutionConfigurationPlatforms) = preSolution
		Debug|Any CPU = Debug|Any CPU
		Release|Any CPU = Release|Any CPU
	EndGlobalSection
	GlobalSection(ProjectConfigurationPlatforms) = postSolution
		{7C049028-AE94-4F2A-8D1A-2904D93046CA}.Debug|Any CPU.ActiveCfg = Debug|Any CPU
		{7C049028-AE94-4F2A-8D1A-2904D93046CA}.Debug|Any CPU.Build.0 = Debug|Any CPU
		{7C049028-AE94-4F2A-8D1A-2904D93046CA}.Release|Any CPU.ActiveCfg = Release|Any CPU
		{7C049028-AE94-4F2A-8D1A-2904D93046CA}.Release|Any CPU.Build.0 = Release|Any CPU
	EndGlobalSection
	GlobalSection(SolutionProperties) = preSolution
		HideSolutionNode = FALSE
	EndGlobalSection
	GlobalSection(ExtensibilityGlobals) = postSolution
		SolutionGuid = {4C34DA88-E155-4E96-998F-F8303E22622B}
	EndGlobalSection
EndGlobal
